
Microsoft Visual Studio Solution File, Format Version 11.00
# Visual Studio 2010
Project("{FAE04EC0-301F-11D3-BF4B-00C04F79EFBC}") = "UnityPart", "Assembly-CSharp-firstpass.csproj", "{84339833-C3B3-8D19-2578-B5C21BDE46D0}"
EndProject
Project("{FAE04EC0-301F-11D3-BF4B-00C04F79EFBC}") = "UnityPart", "Assembly-CSharp.csproj", "{8433BEEC-EB7C-F197-7054-494498869F1B}"
EndProject
Project("{FAE04EC0-301F-11D3-BF4B-00C04F79EFBC}") = "UnityPart", "Assembly-CSharp-Editor.csproj", "{0DCD3040-E027-5F8B-146E-C4245660DB6D}"
EndProject
Global
	GlobalSection(SolutionConfigurationPlatforms) = preSolution
		Debug|Any CPU = Debug|Any CPU
		Release|Any CPU = Release|Any CPU
	EndGlobalSection
	GlobalSection(ProjectConfigurationPlatforms) = postSolution
		{84339833-C3B3-8D19-2578-B5C21BDE46D0}.Debug|Any CPU.ActiveCfg = Debug|Any CPU
		{84339833-C3B3-8D19-2578-B5C21BDE46D0}.Debug|Any CPU.Build.0 = Debug|Any CPU
		{84339833-C3B3-8D19-2578-B5C21BDE46D0}.Release|Any CPU.ActiveCfg = Release|Any CPU
		{84339833-C3B3-8D19-2578-B5C21BDE46D0}.Release|Any CPU.Build.0 = Release|Any CPU
		{8433BEEC-EB7C-F197-7054-494498869F1B}.Debug|Any CPU.ActiveCfg = Debug|Any CPU
		{8433BEEC-EB7C-F197-7054-494498869F1B}.Debug|Any CPU.Build.0 = Debug|Any CPU
		{8433BEEC-EB7C-F197-7054-494498869F1B}.Release|Any CPU.ActiveCfg = Release|Any CPU
		{8433BEEC-EB7C-F197-7054-494498869F1B}.Release|Any CPU.Build.0 = Release|Any CPU
		{0DCD3040-E027-5F8B-146E-C4245660DB6D}.Debug|Any CPU.ActiveCfg = Debug|Any CPU
		{0DCD3040-E027-5F8B-146E-C4245660DB6D}.Debug|Any CPU.Build.0 = Debug|Any CPU
		{0DCD3040-E027-5F8B-146E-C4245660DB6D}.Release|Any CPU.ActiveCfg = Release|Any CPU
		{0DCD3040-E027-5F8B-146E-C4245660DB6D}.Release|Any CPU.Build.0 = Release|Any CPU
	EndGlobalSection
	GlobalSection(SolutionProperties) = preSolution
		HideSolutionNode = FALSE
	EndGlobalSection
	GlobalSection(MonoDevelopProperties) = preSolution
		StartupItem = Assembly-CSharp.csproj
	EndGlobalSection
EndGlobal
